
Microsoft Visual Studio Solution File, Format Version 12.00
# Visual Studio 15
VisualStudioVersion = 15.0.27703.2042
MinimumVisualStudioVersion = 10.0.40219.1
Project("{FAE04EC0-301F-11D3-BF4B-00C04F79EFBC}") = "WjGis", "TDObject\WjGis.csproj", "{639A8E53-DC12-46F2-8778-FCDAE8991823}"
EndProject
Project("{FAE04EC0-301F-11D3-BF4B-00C04F79EFBC}") = "QyTech.ExcelExport", "ExcelExportHelper\QyTech.ExcelExport.csproj", "{FD78D2FE-09F3-4C11-9C27-88D1DBF120A8}"
EndProject
Project("{FAE04EC0-301F-11D3-BF4B-00C04F79EFBC}") = "WTGeoWeb", "WTGeoWeb\WTGeoWeb.csproj", "{53703517-FDF0-4B9A-80DC-E4834FC504D6}"
EndProject
Project("{FAE04EC0-301F-11D3-BF4B-00C04F79EFBC}") = "SpatialDataDao", "WTGeoDao\SpatialDataDao.csproj", "{37FDEB84-29E6-4D1E-A4C9-DA47C0615171}"
EndProject
Project("{FAE04EC0-301F-11D3-BF4B-00C04F79EFBC}") = "BatchTranBdCoords", "BatchTranBdCoords\BatchTranBdCoords.csproj", "{41789FEC-F862-4C07-8CF2-8125D3C5833C}"
EndProject
Project("{FAE04EC0-301F-11D3-BF4B-00C04F79EFBC}") = "CommEntrance", "CommqyEntrance\CommEntrance.csproj", "{4E80EB4C-1E82-4F65-B08E-CB2E9300B6A9}"
EndProject
Global
	GlobalSection(SolutionConfigurationPlatforms) = preSolution
		Debug|Any CPU = Debug|Any CPU
		Debug|Mixed Platforms = Debug|Mixed Platforms
		Debug|x86 = Debug|x86
		Release|Any CPU = Release|Any CPU
		Release|Mixed Platforms = Release|Mixed Platforms
		Release|x86 = Release|x86
	EndGlobalSection
	GlobalSection(ProjectConfigurationPlatforms) = postSolution
		{639A8E53-DC12-46F2-8778-FCDAE8991823}.Debug|Any CPU.ActiveCfg = Debug|x86
		{639A8E53-DC12-46F2-8778-FCDAE8991823}.Debug|Mixed Platforms.ActiveCfg = Debug|x86
		{639A8E53-DC12-46F2-8778-FCDAE8991823}.Debug|Mixed Platforms.Build.0 = Debug|x86
		{639A8E53-DC12-46F2-8778-FCDAE8991823}.Debug|x86.ActiveCfg = Debug|x86
		{639A8E53-DC12-46F2-8778-FCDAE8991823}.Debug|x86.Build.0 = Debug|x86
		{639A8E53-DC12-46F2-8778-FCDAE8991823}.Release|Any CPU.ActiveCfg = Release|x86
		{639A8E53-DC12-46F2-8778-FCDAE8991823}.Release|Mixed Platforms.ActiveCfg = Release|x86
		{639A8E53-DC12-46F2-8778-FCDAE8991823}.Release|Mixed Platforms.Build.0 = Release|x86
		{639A8E53-DC12-46F2-8778-FCDAE8991823}.Release|x86.ActiveCfg = Release|x86
		{639A8E53-DC12-46F2-8778-FCDAE8991823}.Release|x86.Build.0 = Release|x86
		{FD78D2FE-09F3-4C11-9C27-88D1DBF120A8}.Debug|Any CPU.ActiveCfg = Debug|Any CPU
		{FD78D2FE-09F3-4C11-9C27-88D1DBF120A8}.Debug|Any CPU.Build.0 = Debug|Any CPU
		{FD78D2FE-09F3-4C11-9C27-88D1DBF120A8}.Debug|Mixed Platforms.ActiveCfg = Debug|Any CPU
		{FD78D2FE-09F3-4C11-9C27-88D1DBF120A8}.Debug|Mixed Platforms.Build.0 = Debug|Any CPU
		{FD78D2FE-09F3-4C11-9C27-88D1DBF120A8}.Debug|x86.ActiveCfg = Debug|Any CPU
		{FD78D2FE-09F3-4C11-9C27-88D1DBF120A8}.Release|Any CPU.ActiveCfg = Release|Any CPU
		{FD78D2FE-09F3-4C11-9C27-88D1DBF120A8}.Release|Any CPU.Build.0 = Release|Any CPU
		{FD78D2FE-09F3-4C11-9C27-88D1DBF120A8}.Release|Mixed Platforms.ActiveCfg = Release|Any CPU
		{FD78D2FE-09F3-4C11-9C27-88D1DBF120A8}.Release|Mixed Platforms.Build.0 = Release|Any CPU
		{FD78D2FE-09F3-4C11-9C27-88D1DBF120A8}.Release|x86.ActiveCfg = Release|Any CPU
		{53703517-FDF0-4B9A-80DC-E4834FC504D6}.Debug|Any CPU.ActiveCfg = Debug|Any CPU
		{53703517-FDF0-4B9A-80DC-E4834FC504D6}.Debug|Any CPU.Build.0 = Debug|Any CPU
		{53703517-FDF0-4B9A-80DC-E4834FC504D6}.Debug|Mixed Platforms.ActiveCfg = Debug|Any CPU
		{53703517-FDF0-4B9A-80DC-E4834FC504D6}.Debug|Mixed Platforms.Build.0 = Debug|Any CPU
		{53703517-FDF0-4B9A-80DC-E4834FC504D6}.Debug|x86.ActiveCfg = Debug|Any CPU
		{53703517-FDF0-4B9A-80DC-E4834FC504D6}.Release|Any CPU.ActiveCfg = Release|Any CPU
		{53703517-FDF0-4B9A-80DC-E4834FC504D6}.Release|Any CPU.Build.0 = Release|Any CPU
		{53703517-FDF0-4B9A-80DC-E4834FC504D6}.Release|Mixed Platforms.ActiveCfg = Release|Any CPU
		{53703517-FDF0-4B9A-80DC-E4834FC504D6}.Release|Mixed Platforms.Build.0 = Release|Any CPU
		{53703517-FDF0-4B9A-80DC-E4834FC504D6}.Release|x86.ActiveCfg = Release|Any CPU
		{37FDEB84-29E6-4D1E-A4C9-DA47C0615171}.Debug|Any CPU.ActiveCfg = Debug|Any CPU
		{37FDEB84-29E6-4D1E-A4C9-DA47C0615171}.Debug|Any CPU.Build.0 = Debug|Any CPU
		{37FDEB84-29E6-4D1E-A4C9-DA47C0615171}.Debug|Mixed Platforms.ActiveCfg = Debug|Any CPU
		{37FDEB84-29E6-4D1E-A4C9-DA47C0615171}.Debug|Mixed Platforms.Build.0 = Debug|Any CPU
		{37FDEB84-29E6-4D1E-A4C9-DA47C0615171}.Debug|x86.ActiveCfg = Debug|Any CPU
		{37FDEB84-29E6-4D1E-A4C9-DA47C0615171}.Release|Any CPU.ActiveCfg = Release|Any CPU
		{37FDEB84-29E6-4D1E-A4C9-DA47C0615171}.Release|Any CPU.Build.0 = Release|Any CPU
		{37FDEB84-29E6-4D1E-A4C9-DA47C0615171}.Release|Mixed Platforms.ActiveCfg = Release|Any CPU
		{37FDEB84-29E6-4D1E-A4C9-DA47C0615171}.Release|Mixed Platforms.Build.0 = Release|Any CPU
		{37FDEB84-29E6-4D1E-A4C9-DA47C0615171}.Release|x86.ActiveCfg = Release|Any CPU
		{41789FEC-F862-4C07-8CF2-8125D3C5833C}.Debug|Any CPU.ActiveCfg = Debug|Any CPU
		{41789FEC-F862-4C07-8CF2-8125D3C5833C}.Debug|Any CPU.Build.0 = Debug|Any CPU
		{41789FEC-F862-4C07-8CF2-8125D3C5833C}.Debug|Mixed Platforms.ActiveCfg = Debug|Any CPU
		{41789FEC-F862-4C07-8CF2-8125D3C5833C}.Debug|Mixed Platforms.Build.0 = Debug|Any CPU
		{41789FEC-F862-4C07-8CF2-8125D3C5833C}.Debug|x86.ActiveCfg = Debug|Any CPU
		{41789FEC-F862-4C07-8CF2-8125D3C5833C}.Release|Any CPU.ActiveCfg = Release|Any CPU
		{41789FEC-F862-4C07-8CF2-8125D3C5833C}.Release|Any CPU.Build.0 = Release|Any CPU
		{41789FEC-F862-4C07-8CF2-8125D3C5833C}.Release|Mixed Platforms.ActiveCfg = Release|Any CPU
		{41789FEC-F862-4C07-8CF2-8125D3C5833C}.Release|Mixed Platforms.Build.0 = Release|Any CPU
		{41789FEC-F862-4C07-8CF2-8125D3C5833C}.Release|x86.ActiveCfg = Release|Any CPU
		{4E80EB4C-1E82-4F65-B08E-CB2E9300B6A9}.Debug|Any CPU.ActiveCfg = Debug|Any CPU
		{4E80EB4C-1E82-4F65-B08E-CB2E9300B6A9}.Debug|Any CPU.Build.0 = Debug|Any CPU
		{4E80EB4C-1E82-4F65-B08E-CB2E9300B6A9}.Debug|Mixed Platforms.ActiveCfg = Debug|Any CPU
		{4E80EB4C-1E82-4F65-B08E-CB2E9300B6A9}.Debug|Mixed Platforms.Build.0 = Debug|Any CPU
		{4E80EB4C-1E82-4F65-B08E-CB2E9300B6A9}.Debug|x86.ActiveCfg = Debug|Any CPU
		{4E80EB4C-1E82-4F65-B08E-CB2E9300B6A9}.Debug|x86.Build.0 = Debug|Any CPU
		{4E80EB4C-1E82-4F65-B08E-CB2E9300B6A9}.Release|Any CPU.ActiveCfg = Release|Any CPU
		{4E80EB4C-1E82-4F65-B08E-CB2E9300B6A9}.Release|Any CPU.Build.0 = Release|Any CPU
		{4E80EB4C-1E82-4F65-B08E-CB2E9300B6A9}.Release|Mixed Platforms.ActiveCfg = Release|Any CPU
		{4E80EB4C-1E82-4F65-B08E-CB2E9300B6A9}.Release|Mixed Platforms.Build.0 = Release|Any CPU
		{4E80EB4C-1E82-4F65-B08E-CB2E9300B6A9}.Release|x86.ActiveCfg = Release|Any CPU
		{4E80EB4C-1E82-4F65-B08E-CB2E9300B6A9}.Release|x86.Build.0 = Release|Any CPU
	EndGlobalSection
	GlobalSection(SolutionProperties) = preSolution
		HideSolutionNode = FALSE
	EndGlobalSection
	GlobalSection(ExtensibilityGlobals) = postSolution
		SolutionGuid = {B8ED2FAB-68CC-498B-AD2F-D2A9C9E49C10}
	EndGlobalSection
EndGlobal
